
Microsoft Visual Studio Solution File, Format Version 12.00
# Visual Studio 2013
VisualStudioVersion = 12.0.31101.0
MinimumVisualStudioVersion = 10.0.40219.1
Project("{FAE04EC0-301F-11D3-BF4B-00C04F79EFBC}") = "NinjectSample", "NinjectSample\NinjectSample.csproj", "{2585690A-D3BA-4704-9213-E7C8C8400C85}"
EndProject
Project("{FAE04EC0-301F-11D3-BF4B-00C04F79EFBC}") = "NinjectSampleTests", "NinjectSampleTests\NinjectSampleTests.csproj", "{933F1E39-303F-4022-9955-133921E27E9F}"
EndProject
Project("{FAE04EC0-301F-11D3-BF4B-00C04F79EFBC}") = "NinjectService", "NinjectService\NinjectService.csproj", "{9611777B-1E38-4148-AA1D-DA2A625270FA}"
EndProject
Global
	GlobalSection(SolutionConfigurationPlatforms) = preSolution
		Debug|Any CPU = Debug|Any CPU
		Release|Any CPU = Release|Any CPU
	EndGlobalSection
	GlobalSection(ProjectConfigurationPlatforms) = postSolution
		{2585690A-D3BA-4704-9213-E7C8C8400C85}.Debug|Any CPU.ActiveCfg = Debug|Any CPU
		{2585690A-D3BA-4704-9213-E7C8C8400C85}.Debug|Any CPU.Build.0 = Debug|Any CPU
		{2585690A-D3BA-4704-9213-E7C8C8400C85}.Release|Any CPU.ActiveCfg = Release|Any CPU
		{2585690A-D3BA-4704-9213-E7C8C8400C85}.Release|Any CPU.Build.0 = Release|Any CPU
		{933F1E39-303F-4022-9955-133921E27E9F}.Debug|Any CPU.ActiveCfg = Debug|Any CPU
		{933F1E39-303F-4022-9955-133921E27E9F}.Debug|Any CPU.Build.0 = Debug|Any CPU
		{933F1E39-303F-4022-9955-133921E27E9F}.Release|Any CPU.ActiveCfg = Release|Any CPU
		{933F1E39-303F-4022-9955-133921E27E9F}.Release|Any CPU.Build.0 = Release|Any CPU
		{9611777B-1E38-4148-AA1D-DA2A625270FA}.Debug|Any CPU.ActiveCfg = Debug|Any CPU
		{9611777B-1E38-4148-AA1D-DA2A625270FA}.Debug|Any CPU.Build.0 = Debug|Any CPU
		{9611777B-1E38-4148-AA1D-DA2A625270FA}.Release|Any CPU.ActiveCfg = Release|Any CPU
		{9611777B-1E38-4148-AA1D-DA2A625270FA}.Release|Any CPU.Build.0 = Release|Any CPU
	EndGlobalSection
	GlobalSection(SolutionProperties) = preSolution
		HideSolutionNode = FALSE
	EndGlobalSection
EndGlobal
