
Microsoft Visual Studio Solution File, Format Version 11.00
# Visual Studio 2010
Project("{FAE04EC0-301F-11D3-BF4B-00C04F79EFBC}") = "WcfServiceLibrary1", "WcfServiceLibrary1\WcfServiceLibrary1.csproj", "{7F11D898-1985-4F40-8730-A741990820D7}"
EndProject
Project("{FAE04EC0-301F-11D3-BF4B-00C04F79EFBC}") = "WpfApplication1", "WpfApplication1\WpfApplication1.csproj", "{388EC083-DECF-4AAD-A0F9-1D9FD31AFDE3}"
	ProjectSection(ProjectDependencies) = postProject
		{7F11D898-1985-4F40-8730-A741990820D7} = {7F11D898-1985-4F40-8730-A741990820D7}
	EndProjectSection
EndProject
Project("{FAE04EC0-301F-11D3-BF4B-00C04F79EFBC}") = "WcfServiceHost", "WcfServiceHost\WcfServiceHost.csproj", "{5EBDBD26-D57E-486E-BBFA-65397E8F8CED}"
EndProject
Global
	GlobalSection(SolutionConfigurationPlatforms) = preSolution
		Debug|Any CPU = Debug|Any CPU
		Debug|Mixed Platforms = Debug|Mixed Platforms
		Debug|x86 = Debug|x86
		Release|Any CPU = Release|Any CPU
		Release|Mixed Platforms = Release|Mixed Platforms
		Release|x86 = Release|x86
	EndGlobalSection
	GlobalSection(ProjectConfigurationPlatforms) = postSolution
		{7F11D898-1985-4F40-8730-A741990820D7}.Debug|Any CPU.ActiveCfg = Debug|Any CPU
		{7F11D898-1985-4F40-8730-A741990820D7}.Debug|Any CPU.Build.0 = Debug|Any CPU
		{7F11D898-1985-4F40-8730-A741990820D7}.Debug|Mixed Platforms.ActiveCfg = Debug|Any CPU
		{7F11D898-1985-4F40-8730-A741990820D7}.Debug|Mixed Platforms.Build.0 = Debug|Any CPU
		{7F11D898-1985-4F40-8730-A741990820D7}.Debug|x86.ActiveCfg = Debug|Any CPU
		{7F11D898-1985-4F40-8730-A741990820D7}.Release|Any CPU.ActiveCfg = Release|Any CPU
		{7F11D898-1985-4F40-8730-A741990820D7}.Release|Any CPU.Build.0 = Release|Any CPU
		{7F11D898-1985-4F40-8730-A741990820D7}.Release|Mixed Platforms.ActiveCfg = Release|Any CPU
		{7F11D898-1985-4F40-8730-A741990820D7}.Release|Mixed Platforms.Build.0 = Release|Any CPU
		{7F11D898-1985-4F40-8730-A741990820D7}.Release|x86.ActiveCfg = Release|Any CPU
		{388EC083-DECF-4AAD-A0F9-1D9FD31AFDE3}.Debug|Any CPU.ActiveCfg = Debug|x86
		{388EC083-DECF-4AAD-A0F9-1D9FD31AFDE3}.Debug|Mixed Platforms.ActiveCfg = Debug|x86
		{388EC083-DECF-4AAD-A0F9-1D9FD31AFDE3}.Debug|Mixed Platforms.Build.0 = Debug|x86
		{388EC083-DECF-4AAD-A0F9-1D9FD31AFDE3}.Debug|x86.ActiveCfg = Debug|x86
		{388EC083-DECF-4AAD-A0F9-1D9FD31AFDE3}.Debug|x86.Build.0 = Debug|x86
		{388EC083-DECF-4AAD-A0F9-1D9FD31AFDE3}.Release|Any CPU.ActiveCfg = Release|x86
		{388EC083-DECF-4AAD-A0F9-1D9FD31AFDE3}.Release|Mixed Platforms.ActiveCfg = Release|x86
		{388EC083-DECF-4AAD-A0F9-1D9FD31AFDE3}.Release|Mixed Platforms.Build.0 = Release|x86
		{388EC083-DECF-4AAD-A0F9-1D9FD31AFDE3}.Release|x86.ActiveCfg = Release|x86
		{388EC083-DECF-4AAD-A0F9-1D9FD31AFDE3}.Release|x86.Build.0 = Release|x86
		{5EBDBD26-D57E-486E-BBFA-65397E8F8CED}.Debug|Any CPU.ActiveCfg = Debug|Any CPU
		{5EBDBD26-D57E-486E-BBFA-65397E8F8CED}.Debug|Any CPU.Build.0 = Debug|Any CPU
		{5EBDBD26-D57E-486E-BBFA-65397E8F8CED}.Debug|Mixed Platforms.ActiveCfg = Debug|Any CPU
		{5EBDBD26-D57E-486E-BBFA-65397E8F8CED}.Debug|Mixed Platforms.Build.0 = Debug|Any CPU
		{5EBDBD26-D57E-486E-BBFA-65397E8F8CED}.Debug|x86.ActiveCfg = Debug|Any CPU
		{5EBDBD26-D57E-486E-BBFA-65397E8F8CED}.Release|Any CPU.ActiveCfg = Release|Any CPU
		{5EBDBD26-D57E-486E-BBFA-65397E8F8CED}.Release|Any CPU.Build.0 = Release|Any CPU
		{5EBDBD26-D57E-486E-BBFA-65397E8F8CED}.Release|Mixed Platforms.ActiveCfg = Release|Any CPU
		{5EBDBD26-D57E-486E-BBFA-65397E8F8CED}.Release|Mixed Platforms.Build.0 = Release|Any CPU
		{5EBDBD26-D57E-486E-BBFA-65397E8F8CED}.Release|x86.ActiveCfg = Release|Any CPU
	EndGlobalSection
	GlobalSection(SolutionProperties) = preSolution
		HideSolutionNode = FALSE
	EndGlobalSection
EndGlobal
